
Microsoft Visual Studio Solution File, Format Version 12.00
# Visual Studio 2012
Project("{FAE04EC0-301F-11D3-BF4B-00C04F79EFBC}") = "AssemblyReloader", "AssemblyReloader\AssemblyReloader.csproj", "{70F9F908-CCC3-41B4-944D-EA3DE3EF55BD}"
	ProjectSection(ProjectDependencies) = postProject
		{953CD566-42B5-4F0A-856D-63D059E36FC0} = {953CD566-42B5-4F0A-856D-63D059E36FC0}
		{1357D99D-A242-4418-AEF8-460C02A46EA0} = {1357D99D-A242-4418-AEF8-460C02A46EA0}
		{5192D8EF-1D16-4307-9C18-13BD523F767F} = {5192D8EF-1D16-4307-9C18-13BD523F767F}
		{FECFA8FC-CF80-4685-A2BA-1566E0F3C26E} = {FECFA8FC-CF80-4685-A2BA-1566E0F3C26E}
	EndProjectSection
EndProject
Project("{FAE04EC0-301F-11D3-BF4B-00C04F79EFBC}") = "ReeperCommon", "..\ReeperCommon\ReeperCommon\ReeperCommon.csproj", "{FECFA8FC-CF80-4685-A2BA-1566E0F3C26E}"
EndProject
Project("{FAE04EC0-301F-11D3-BF4B-00C04F79EFBC}") = "TestProject", "TestProject\TestProject.csproj", "{339EB07A-B1AB-4504-AEC5-8D8176784CC3}"
EndProject
Project("{2150E333-8FDC-42A3-9474-1A3956D46DE8}") = ".nuget", ".nuget", "{DA9F799A-ECE5-49B0-AA12-66FDC3DD1CFF}"
	ProjectSection(SolutionItems) = preProject
		.nuget\NuGet.Config = .nuget\NuGet.Config
		.nuget\NuGet.exe = .nuget\NuGet.exe
		.nuget\NuGet.targets = .nuget\NuGet.targets
		.nuget\packages.config = .nuget\packages.config
	EndProjectSection
EndProject
Project("{FAE04EC0-301F-11D3-BF4B-00C04F79EFBC}") = "AssemblyReloaderTests", "AssemblyReloaderUnitTests\AssemblyReloaderTests.csproj", "{F3968345-6C9C-4503-93DE-B06432DE449E}"
	ProjectSection(ProjectDependencies) = postProject
		{70F9F908-CCC3-41B4-944D-EA3DE3EF55BD} = {70F9F908-CCC3-41B4-944D-EA3DE3EF55BD}
		{339EB07A-B1AB-4504-AEC5-8D8176784CC3} = {339EB07A-B1AB-4504-AEC5-8D8176784CC3}
		{FECFA8FC-CF80-4685-A2BA-1566E0F3C26E} = {FECFA8FC-CF80-4685-A2BA-1566E0F3C26E}
	EndProjectSection
EndProject
Project("{FAE04EC0-301F-11D3-BF4B-00C04F79EFBC}") = "ReeperCommonUnitTests", "..\ReeperCommon\ReeperCommonUnitTests\ReeperCommonUnitTests.csproj", "{1357D99D-A242-4418-AEF8-460C02A46EA0}"
EndProject
Project("{FAE04EC0-301F-11D3-BF4B-00C04F79EFBC}") = "strange", "..\StrangeIoC\StrangeIoC\strange.csproj", "{953CD566-42B5-4F0A-856D-63D059E36FC0}"
EndProject
Project("{FAE04EC0-301F-11D3-BF4B-00C04F79EFBC}") = "ReeperAssemblyLibrary", "..\ReeperAssemblyLibrary\ReeperAssemblyLibrary\ReeperAssemblyLibrary.csproj", "{9AD53029-B93D-434F-9E17-B8374640BEBF}"
EndProject
Project("{FAE04EC0-301F-11D3-BF4B-00C04F79EFBC}") = "WeavingTestData", "WeavingTestData\WeavingTestData.csproj", "{21F2A582-7084-465C-B133-C8AEC8357CFE}"
EndProject
Project("{FAE04EC0-301F-11D3-BF4B-00C04F79EFBC}") = "ReeperLoader", "..\ReeperLoader\ReeperLoader\ReeperLoader.csproj", "{5192D8EF-1D16-4307-9C18-13BD523F767F}"
EndProject
Project("{FAE04EC0-301F-11D3-BF4B-00C04F79EFBC}") = "TestAddon", "TestAddon\TestAddon.csproj", "{53EDC9E1-5A80-4B90-AC7E-9B9F8517C203}"
EndProject
Project("{2150E333-8FDC-42A3-9474-1A3956D46DE8}") = "Test Projects", "Test Projects", "{583ADFCF-C03B-48CC-80FA-F9E41E88BBC9}"
EndProject
Project("{FAE04EC0-301F-11D3-BF4B-00C04F79EFBC}") = "TestPartModule", "TestPartModule\TestPartModule.csproj", "{7B1A3075-5125-4159-8517-DCB209309384}"
EndProject
Project("{FAE04EC0-301F-11D3-BF4B-00C04F79EFBC}") = "TestScenarioModule", "TestScenarioModule\TestScenarioModule.csproj", "{BBA8D195-2710-4281-9020-5026048B3527}"
EndProject
Project("{FAE04EC0-301F-11D3-BF4B-00C04F79EFBC}") = "TestVesselModule", "TestVesselModule\TestVesselModule.csproj", "{3A8F3E27-8C5F-4248-8258-B53D87F6CFD2}"
EndProject
Project("{FAE04EC0-301F-11D3-BF4B-00C04F79EFBC}") = "TestGameEventInterception", "TestGameEventInterception\TestGameEventInterception.csproj", "{172E25AE-84D4-4AE8-A154-DC3B39BEF514}"
EndProject
Project("{FAE04EC0-301F-11D3-BF4B-00C04F79EFBC}") = "TestMethodInterception", "TestMethodInterception\TestMethodInterception.csproj", "{819F1A81-B1F4-4ECA-945B-288FE7B49C10}"
EndProject
Global
	GlobalSection(SolutionConfigurationPlatforms) = preSolution
		Coverage|Any CPU = Coverage|Any CPU
		Debug_Modified|Any CPU = Debug_Modified|Any CPU
		Debug|Any CPU = Debug|Any CPU
		Release|Any CPU = Release|Any CPU
	EndGlobalSection
	GlobalSection(ProjectConfigurationPlatforms) = postSolution
		{70F9F908-CCC3-41B4-944D-EA3DE3EF55BD}.Coverage|Any CPU.ActiveCfg = Debug|Any CPU
		{70F9F908-CCC3-41B4-944D-EA3DE3EF55BD}.Coverage|Any CPU.Build.0 = Debug|Any CPU
		{70F9F908-CCC3-41B4-944D-EA3DE3EF55BD}.Debug_Modified|Any CPU.ActiveCfg = Debug|Any CPU
		{70F9F908-CCC3-41B4-944D-EA3DE3EF55BD}.Debug_Modified|Any CPU.Build.0 = Debug|Any CPU
		{70F9F908-CCC3-41B4-944D-EA3DE3EF55BD}.Debug|Any CPU.ActiveCfg = Debug|Any CPU
		{70F9F908-CCC3-41B4-944D-EA3DE3EF55BD}.Debug|Any CPU.Build.0 = Debug|Any CPU
		{70F9F908-CCC3-41B4-944D-EA3DE3EF55BD}.Release|Any CPU.ActiveCfg = Release|Any CPU
		{70F9F908-CCC3-41B4-944D-EA3DE3EF55BD}.Release|Any CPU.Build.0 = Release|Any CPU
		{FECFA8FC-CF80-4685-A2BA-1566E0F3C26E}.Coverage|Any CPU.ActiveCfg = Debug|Any CPU
		{FECFA8FC-CF80-4685-A2BA-1566E0F3C26E}.Coverage|Any CPU.Build.0 = Debug|Any CPU
		{FECFA8FC-CF80-4685-A2BA-1566E0F3C26E}.Debug_Modified|Any CPU.ActiveCfg = Debug|Any CPU
		{FECFA8FC-CF80-4685-A2BA-1566E0F3C26E}.Debug_Modified|Any CPU.Build.0 = Debug|Any CPU
		{FECFA8FC-CF80-4685-A2BA-1566E0F3C26E}.Debug|Any CPU.ActiveCfg = Debug|Any CPU
		{FECFA8FC-CF80-4685-A2BA-1566E0F3C26E}.Debug|Any CPU.Build.0 = Debug|Any CPU
		{FECFA8FC-CF80-4685-A2BA-1566E0F3C26E}.Release|Any CPU.ActiveCfg = Release|Any CPU
		{FECFA8FC-CF80-4685-A2BA-1566E0F3C26E}.Release|Any CPU.Build.0 = Release|Any CPU
		{339EB07A-B1AB-4504-AEC5-8D8176784CC3}.Coverage|Any CPU.ActiveCfg = Debug|Any CPU
		{339EB07A-B1AB-4504-AEC5-8D8176784CC3}.Coverage|Any CPU.Build.0 = Debug|Any CPU
		{339EB07A-B1AB-4504-AEC5-8D8176784CC3}.Debug_Modified|Any CPU.ActiveCfg = Debug_Modified|Any CPU
		{339EB07A-B1AB-4504-AEC5-8D8176784CC3}.Debug_Modified|Any CPU.Build.0 = Debug_Modified|Any CPU
		{339EB07A-B1AB-4504-AEC5-8D8176784CC3}.Debug|Any CPU.ActiveCfg = Debug|Any CPU
		{339EB07A-B1AB-4504-AEC5-8D8176784CC3}.Debug|Any CPU.Build.0 = Debug|Any CPU
		{339EB07A-B1AB-4504-AEC5-8D8176784CC3}.Release|Any CPU.ActiveCfg = Release|Any CPU
		{F3968345-6C9C-4503-93DE-B06432DE449E}.Coverage|Any CPU.ActiveCfg = Coverage|Any CPU
		{F3968345-6C9C-4503-93DE-B06432DE449E}.Coverage|Any CPU.Build.0 = Coverage|Any CPU
		{F3968345-6C9C-4503-93DE-B06432DE449E}.Debug_Modified|Any CPU.ActiveCfg = Debug|Any CPU
		{F3968345-6C9C-4503-93DE-B06432DE449E}.Debug_Modified|Any CPU.Build.0 = Debug|Any CPU
		{F3968345-6C9C-4503-93DE-B06432DE449E}.Debug|Any CPU.ActiveCfg = Debug|Any CPU
		{F3968345-6C9C-4503-93DE-B06432DE449E}.Debug|Any CPU.Build.0 = Debug|Any CPU
		{F3968345-6C9C-4503-93DE-B06432DE449E}.Release|Any CPU.ActiveCfg = Release|Any CPU
		{F3968345-6C9C-4503-93DE-B06432DE449E}.Release|Any CPU.Build.0 = Release|Any CPU
		{1357D99D-A242-4418-AEF8-460C02A46EA0}.Coverage|Any CPU.ActiveCfg = Coverage|Any CPU
		{1357D99D-A242-4418-AEF8-460C02A46EA0}.Coverage|Any CPU.Build.0 = Coverage|Any CPU
		{1357D99D-A242-4418-AEF8-460C02A46EA0}.Debug_Modified|Any CPU.ActiveCfg = Debug|Any CPU
		{1357D99D-A242-4418-AEF8-460C02A46EA0}.Debug_Modified|Any CPU.Build.0 = Debug|Any CPU
		{1357D99D-A242-4418-AEF8-460C02A46EA0}.Debug|Any CPU.ActiveCfg = Debug|Any CPU
		{1357D99D-A242-4418-AEF8-460C02A46EA0}.Debug|Any CPU.Build.0 = Debug|Any CPU
		{1357D99D-A242-4418-AEF8-460C02A46EA0}.Release|Any CPU.ActiveCfg = Release|Any CPU
		{1357D99D-A242-4418-AEF8-460C02A46EA0}.Release|Any CPU.Build.0 = Release|Any CPU
		{953CD566-42B5-4F0A-856D-63D059E36FC0}.Coverage|Any CPU.ActiveCfg = Release|Any CPU
		{953CD566-42B5-4F0A-856D-63D059E36FC0}.Coverage|Any CPU.Build.0 = Release|Any CPU
		{953CD566-42B5-4F0A-856D-63D059E36FC0}.Debug_Modified|Any CPU.ActiveCfg = Debug|Any CPU
		{953CD566-42B5-4F0A-856D-63D059E36FC0}.Debug_Modified|Any CPU.Build.0 = Debug|Any CPU
		{953CD566-42B5-4F0A-856D-63D059E36FC0}.Debug|Any CPU.ActiveCfg = Debug|Any CPU
		{953CD566-42B5-4F0A-856D-63D059E36FC0}.Debug|Any CPU.Build.0 = Debug|Any CPU
		{953CD566-42B5-4F0A-856D-63D059E36FC0}.Release|Any CPU.ActiveCfg = Release|Any CPU
		{953CD566-42B5-4F0A-856D-63D059E36FC0}.Release|Any CPU.Build.0 = Release|Any CPU
		{9AD53029-B93D-434F-9E17-B8374640BEBF}.Coverage|Any CPU.ActiveCfg = Release|Any CPU
		{9AD53029-B93D-434F-9E17-B8374640BEBF}.Coverage|Any CPU.Build.0 = Release|Any CPU
		{9AD53029-B93D-434F-9E17-B8374640BEBF}.Debug_Modified|Any CPU.ActiveCfg = Debug|Any CPU
		{9AD53029-B93D-434F-9E17-B8374640BEBF}.Debug_Modified|Any CPU.Build.0 = Debug|Any CPU
		{9AD53029-B93D-434F-9E17-B8374640BEBF}.Debug|Any CPU.ActiveCfg = Debug|Any CPU
		{9AD53029-B93D-434F-9E17-B8374640BEBF}.Debug|Any CPU.Build.0 = Debug|Any CPU
		{9AD53029-B93D-434F-9E17-B8374640BEBF}.Release|Any CPU.ActiveCfg = Release|Any CPU
		{9AD53029-B93D-434F-9E17-B8374640BEBF}.Release|Any CPU.Build.0 = Release|Any CPU
		{21F2A582-7084-465C-B133-C8AEC8357CFE}.Coverage|Any CPU.ActiveCfg = Release|Any CPU
		{21F2A582-7084-465C-B133-C8AEC8357CFE}.Coverage|Any CPU.Build.0 = Release|Any CPU
		{21F2A582-7084-465C-B133-C8AEC8357CFE}.Debug_Modified|Any CPU.ActiveCfg = Debug|Any CPU
		{21F2A582-7084-465C-B133-C8AEC8357CFE}.Debug_Modified|Any CPU.Build.0 = Debug|Any CPU
		{21F2A582-7084-465C-B133-C8AEC8357CFE}.Debug|Any CPU.ActiveCfg = Debug|Any CPU
		{21F2A582-7084-465C-B133-C8AEC8357CFE}.Release|Any CPU.ActiveCfg = Release|Any CPU
		{5192D8EF-1D16-4307-9C18-13BD523F767F}.Coverage|Any CPU.ActiveCfg = Release|Any CPU
		{5192D8EF-1D16-4307-9C18-13BD523F767F}.Coverage|Any CPU.Build.0 = Release|Any CPU
		{5192D8EF-1D16-4307-9C18-13BD523F767F}.Debug_Modified|Any CPU.ActiveCfg = Debug|Any CPU
		{5192D8EF-1D16-4307-9C18-13BD523F767F}.Debug_Modified|Any CPU.Build.0 = Debug|Any CPU
		{5192D8EF-1D16-4307-9C18-13BD523F767F}.Debug|Any CPU.ActiveCfg = Debug|Any CPU
		{5192D8EF-1D16-4307-9C18-13BD523F767F}.Debug|Any CPU.Build.0 = Debug|Any CPU
		{5192D8EF-1D16-4307-9C18-13BD523F767F}.Release|Any CPU.ActiveCfg = Release|Any CPU
		{5192D8EF-1D16-4307-9C18-13BD523F767F}.Release|Any CPU.Build.0 = Release|Any CPU
		{53EDC9E1-5A80-4B90-AC7E-9B9F8517C203}.Coverage|Any CPU.ActiveCfg = Release|Any CPU
		{53EDC9E1-5A80-4B90-AC7E-9B9F8517C203}.Coverage|Any CPU.Build.0 = Release|Any CPU
		{53EDC9E1-5A80-4B90-AC7E-9B9F8517C203}.Debug_Modified|Any CPU.ActiveCfg = Debug_Modified|Any CPU
		{53EDC9E1-5A80-4B90-AC7E-9B9F8517C203}.Debug_Modified|Any CPU.Build.0 = Debug_Modified|Any CPU
		{53EDC9E1-5A80-4B90-AC7E-9B9F8517C203}.Debug|Any CPU.ActiveCfg = Debug|Any CPU
		{53EDC9E1-5A80-4B90-AC7E-9B9F8517C203}.Release|Any CPU.ActiveCfg = Release|Any CPU
		{7B1A3075-5125-4159-8517-DCB209309384}.Coverage|Any CPU.ActiveCfg = Release|Any CPU
		{7B1A3075-5125-4159-8517-DCB209309384}.Coverage|Any CPU.Build.0 = Release|Any CPU
		{7B1A3075-5125-4159-8517-DCB209309384}.Debug_Modified|Any CPU.ActiveCfg = Debug_Modified|Any CPU
		{7B1A3075-5125-4159-8517-DCB209309384}.Debug_Modified|Any CPU.Build.0 = Debug_Modified|Any CPU
		{7B1A3075-5125-4159-8517-DCB209309384}.Debug|Any CPU.ActiveCfg = Debug|Any CPU
		{7B1A3075-5125-4159-8517-DCB209309384}.Release|Any CPU.ActiveCfg = Release|Any CPU
		{BBA8D195-2710-4281-9020-5026048B3527}.Coverage|Any CPU.ActiveCfg = Release|Any CPU
		{BBA8D195-2710-4281-9020-5026048B3527}.Coverage|Any CPU.Build.0 = Release|Any CPU
		{BBA8D195-2710-4281-9020-5026048B3527}.Debug_Modified|Any CPU.ActiveCfg = Debug_Modified|Any CPU
		{BBA8D195-2710-4281-9020-5026048B3527}.Debug_Modified|Any CPU.Build.0 = Debug_Modified|Any CPU
		{BBA8D195-2710-4281-9020-5026048B3527}.Debug|Any CPU.ActiveCfg = Debug|Any CPU
		{BBA8D195-2710-4281-9020-5026048B3527}.Release|Any CPU.ActiveCfg = Release|Any CPU
		{3A8F3E27-8C5F-4248-8258-B53D87F6CFD2}.Coverage|Any CPU.ActiveCfg = Release|Any CPU
		{3A8F3E27-8C5F-4248-8258-B53D87F6CFD2}.Coverage|Any CPU.Build.0 = Release|Any CPU
		{3A8F3E27-8C5F-4248-8258-B53D87F6CFD2}.Debug_Modified|Any CPU.ActiveCfg = Debug_Modified|Any CPU
		{3A8F3E27-8C5F-4248-8258-B53D87F6CFD2}.Debug_Modified|Any CPU.Build.0 = Debug_Modified|Any CPU
		{3A8F3E27-8C5F-4248-8258-B53D87F6CFD2}.Debug|Any CPU.ActiveCfg = Debug|Any CPU
		{3A8F3E27-8C5F-4248-8258-B53D87F6CFD2}.Release|Any CPU.ActiveCfg = Release|Any CPU
		{172E25AE-84D4-4AE8-A154-DC3B39BEF514}.Coverage|Any CPU.ActiveCfg = Release|Any CPU
		{172E25AE-84D4-4AE8-A154-DC3B39BEF514}.Coverage|Any CPU.Build.0 = Release|Any CPU
		{172E25AE-84D4-4AE8-A154-DC3B39BEF514}.Debug_Modified|Any CPU.ActiveCfg = Debug_Modified|Any CPU
		{172E25AE-84D4-4AE8-A154-DC3B39BEF514}.Debug_Modified|Any CPU.Build.0 = Debug_Modified|Any CPU
		{172E25AE-84D4-4AE8-A154-DC3B39BEF514}.Debug|Any CPU.ActiveCfg = Debug|Any CPU
		{172E25AE-84D4-4AE8-A154-DC3B39BEF514}.Release|Any CPU.ActiveCfg = Release|Any CPU
		{819F1A81-B1F4-4ECA-945B-288FE7B49C10}.Coverage|Any CPU.ActiveCfg = Release|Any CPU
		{819F1A81-B1F4-4ECA-945B-288FE7B49C10}.Coverage|Any CPU.Build.0 = Release|Any CPU
		{819F1A81-B1F4-4ECA-945B-288FE7B49C10}.Debug_Modified|Any CPU.ActiveCfg = Debug_Modified|Any CPU
		{819F1A81-B1F4-4ECA-945B-288FE7B49C10}.Debug_Modified|Any CPU.Build.0 = Debug_Modified|Any CPU
		{819F1A81-B1F4-4ECA-945B-288FE7B49C10}.Debug|Any CPU.ActiveCfg = Debug|Any CPU
		{819F1A81-B1F4-4ECA-945B-288FE7B49C10}.Release|Any CPU.ActiveCfg = Release|Any CPU
	EndGlobalSection
	GlobalSection(SolutionProperties) = preSolution
		HideSolutionNode = FALSE
	EndGlobalSection
	GlobalSection(NestedProjects) = preSolution
		{F3968345-6C9C-4503-93DE-B06432DE449E} = {583ADFCF-C03B-48CC-80FA-F9E41E88BBC9}
		{1357D99D-A242-4418-AEF8-460C02A46EA0} = {583ADFCF-C03B-48CC-80FA-F9E41E88BBC9}
		{21F2A582-7084-465C-B133-C8AEC8357CFE} = {583ADFCF-C03B-48CC-80FA-F9E41E88BBC9}
		{53EDC9E1-5A80-4B90-AC7E-9B9F8517C203} = {583ADFCF-C03B-48CC-80FA-F9E41E88BBC9}
		{339EB07A-B1AB-4504-AEC5-8D8176784CC3} = {583ADFCF-C03B-48CC-80FA-F9E41E88BBC9}
		{7B1A3075-5125-4159-8517-DCB209309384} = {583ADFCF-C03B-48CC-80FA-F9E41E88BBC9}
		{BBA8D195-2710-4281-9020-5026048B3527} = {583ADFCF-C03B-48CC-80FA-F9E41E88BBC9}
		{3A8F3E27-8C5F-4248-8258-B53D87F6CFD2} = {583ADFCF-C03B-48CC-80FA-F9E41E88BBC9}
		{172E25AE-84D4-4AE8-A154-DC3B39BEF514} = {583ADFCF-C03B-48CC-80FA-F9E41E88BBC9}
		{819F1A81-B1F4-4ECA-945B-288FE7B49C10} = {583ADFCF-C03B-48CC-80FA-F9E41E88BBC9}
	EndGlobalSection
EndGlobal
